// !$*UTF8*$!
{
	archiveVersion = 1;
	classes = {
	};
	objectVersion = 46;
	objects = {

/* Begin PBXBuildFile section */
		070758821D9F717D00E03064 /* NoteViewController.swift in Sources */ = {isa = PBXBuildFile; fileRef = 070758801D9F717D00E03064 /* NoteViewController.swift */; };
		070758831D9F717D00E03064 /* NoteViewController.xib in Resources */ = {isa = PBXBuildFile; fileRef = 070758811D9F717D00E03064 /* NoteViewController.xib */; };
		070758851DA01BBC00E03064 /* CoreDataCollectionViewController.swift in Sources */ = {isa = PBXBuildFile; fileRef = 070758841DA01BBC00E03064 /* CoreDataCollectionViewController.swift */; };
		070758871DA01C4000E03064 /* NotesViewController.swift in Sources */ = {isa = PBXBuildFile; fileRef = 070758861DA01C4000E03064 /* NotesViewController.swift */; };
		0707588A1DA1737200E03064 /* NoteCell.xib in Resources */ = {isa = PBXBuildFile; fileRef = 070758891DA1737200E03064 /* NoteCell.xib */; };
		0707588C1DA17F3200E03064 /* note_icon.png in Resources */ = {isa = PBXBuildFile; fileRef = 0707588B1DA17F3200E03064 /* note_icon.png */; };
		070758931DA1C81800E03064 /* PhotoViewController.swift in Sources */ = {isa = PBXBuildFile; fileRef = 070758911DA1C81800E03064 /* PhotoViewController.swift */; };
		070758941DA1C81800E03064 /* PhotoViewController.xib in Resources */ = {isa = PBXBuildFile; fileRef = 070758921DA1C81800E03064 /* PhotoViewController.xib */; };
		070758961DA1F03500E03064 /* no_image.png in Resources */ = {isa = PBXBuildFile; fileRef = 070758951DA1F03500E03064 /* no_image.png */; };
		070758991DA2230700E03064 /* Location+CoreDataClass.swift in Sources */ = {isa = PBXBuildFile; fileRef = 070758971DA2230700E03064 /* Location+CoreDataClass.swift */; };
		0707589A1DA2230700E03064 /* Location+CoreDataProperties.swift in Sources */ = {isa = PBXBuildFile; fileRef = 070758981DA2230700E03064 /* Location+CoreDataProperties.swift */; };
		073FBD511D9D10AC00193B5A /* BookViewController.swift in Sources */ = {isa = PBXBuildFile; fileRef = 073FBD4F1D9D10AC00193B5A /* BookViewController.swift */; };
		073FBD521D9D10AC00193B5A /* BookViewController.xib in Resources */ = {isa = PBXBuildFile; fileRef = 073FBD501D9D10AC00193B5A /* BookViewController.xib */; };
		073FBD541D9D30ED00193B5A /* Utils.swift in Sources */ = {isa = PBXBuildFile; fileRef = 073FBD531D9D30ED00193B5A /* Utils.swift */; };
		077E28B61D8F1B91003CD758 /* AppDelegate.swift in Sources */ = {isa = PBXBuildFile; fileRef = 077E28B51D8F1B91003CD758 /* AppDelegate.swift */; };
		077E28BD1D8F1B91003CD758 /* Assets.xcassets in Resources */ = {isa = PBXBuildFile; fileRef = 077E28BC1D8F1B91003CD758 /* Assets.xcassets */; };
		077E28C01D8F1B91003CD758 /* LaunchScreen.storyboard in Resources */ = {isa = PBXBuildFile; fileRef = 077E28BE1D8F1B91003CD758 /* LaunchScreen.storyboard */; };
		077E28C91D8F1BB1003CD758 /* Model.xcdatamodeld in Sources */ = {isa = PBXBuildFile; fileRef = 077E28C71D8F1BB1003CD758 /* Model.xcdatamodeld */; };
		07AE21D71D9B63B80080748B /* Author+CoreDataClass.swift in Sources */ = {isa = PBXBuildFile; fileRef = 07AE21C51D9B63B80080748B /* Author+CoreDataClass.swift */; };
		07AE21D81D9B63B80080748B /* Author+CoreDataProperties.swift in Sources */ = {isa = PBXBuildFile; fileRef = 07AE21C61D9B63B80080748B /* Author+CoreDataProperties.swift */; };
		07AE21D91D9B63B80080748B /* Book+CoreDataClass.swift in Sources */ = {isa = PBXBuildFile; fileRef = 07AE21C71D9B63B80080748B /* Book+CoreDataClass.swift */; };
		07AE21DA1D9B63B80080748B /* Book+CoreDataProperties.swift in Sources */ = {isa = PBXBuildFile; fileRef = 07AE21C81D9B63B80080748B /* Book+CoreDataProperties.swift */; };
		07AE21DB1D9B63B80080748B /* BookTag+CoreDataClass.swift in Sources */ = {isa = PBXBuildFile; fileRef = 07AE21C91D9B63B80080748B /* BookTag+CoreDataClass.swift */; };
		07AE21DC1D9B63B80080748B /* BookTag+CoreDataProperties.swift in Sources */ = {isa = PBXBuildFile; fileRef = 07AE21CA1D9B63B80080748B /* BookTag+CoreDataProperties.swift */; };
		07AE21DD1D9B63B80080748B /* Cover+CoreDataClass.swift in Sources */ = {isa = PBXBuildFile; fileRef = 07AE21CB1D9B63B80080748B /* Cover+CoreDataClass.swift */; };
		07AE21E51D9B63B80080748B /* Photo+CoreDataClass.swift in Sources */ = {isa = PBXBuildFile; fileRef = 07AE21D31D9B63B80080748B /* Photo+CoreDataClass.swift */; };
		07AE21E71D9B63B80080748B /* Tag+CoreDataClass.swift in Sources */ = {isa = PBXBuildFile; fileRef = 07AE21D51D9B63B80080748B /* Tag+CoreDataClass.swift */; };
		07AE21E81D9B63B80080748B /* Tag+CoreDataProperties.swift in Sources */ = {isa = PBXBuildFile; fileRef = 07AE21D61D9B63B80080748B /* Tag+CoreDataProperties.swift */; };
		07AE21EA1D9B64690080748B /* CoreDataStack.swift in Sources */ = {isa = PBXBuildFile; fileRef = 07AE21E91D9B64690080748B /* CoreDataStack.swift */; };
		07AE21EC1D9B650A0080748B /* CoreDataTableViewController.swift in Sources */ = {isa = PBXBuildFile; fileRef = 07AE21EB1D9B650A0080748B /* CoreDataTableViewController.swift */; };
		07AE22021D9B72060080748B /* Cover+CoreDataProperties.swift in Sources */ = {isa = PBXBuildFile; fileRef = 07AE21FF1D9B72060080748B /* Cover+CoreDataProperties.swift */; };
		07AE22041D9B72060080748B /* Photo+CoreDataProperties.swift in Sources */ = {isa = PBXBuildFile; fileRef = 07AE22011D9B72060080748B /* Photo+CoreDataProperties.swift */; };
		07AE22131D9B75830080748B /* Pdf+CoreDataClass.swift in Sources */ = {isa = PBXBuildFile; fileRef = 07AE220F1D9B75830080748B /* Pdf+CoreDataClass.swift */; };
		07AE22141D9B75830080748B /* Pdf+CoreDataProperties.swift in Sources */ = {isa = PBXBuildFile; fileRef = 07AE22101D9B75830080748B /* Pdf+CoreDataProperties.swift */; };
		07AE22171D9B88620080748B /* Note+CoreDataClass.swift in Sources */ = {isa = PBXBuildFile; fileRef = 07AE22151D9B88620080748B /* Note+CoreDataClass.swift */; };
		07AE22181D9B88620080748B /* Note+CoreDataProperties.swift in Sources */ = {isa = PBXBuildFile; fileRef = 07AE22161D9B88620080748B /* Note+CoreDataProperties.swift */; };
		07B8AB311D9C13BA008698F2 /* JsonProcessing.swift in Sources */ = {isa = PBXBuildFile; fileRef = 07B8AB301D9C13BA008698F2 /* JsonProcessing.swift */; };
		07B8AB331D9C7990008698F2 /* Errors.swift in Sources */ = {isa = PBXBuildFile; fileRef = 07B8AB321D9C7990008698F2 /* Errors.swift */; };
		07B8AB351D9CACB7008698F2 /* LibraryViewController.swift in Sources */ = {isa = PBXBuildFile; fileRef = 07B8AB341D9CACB7008698F2 /* LibraryViewController.swift */; };
		07EBA1EC1D9DF90D0012832B /* PdfViewController.swift in Sources */ = {isa = PBXBuildFile; fileRef = 07EBA1EA1D9DF90D0012832B /* PdfViewController.swift */; };
		07EBA1ED1D9DF90D0012832B /* PdfViewController.xib in Resources */ = {isa = PBXBuildFile; fileRef = 07EBA1EB1D9DF90D0012832B /* PdfViewController.xib */; };
		07EBA1EF1D9E23140012832B /* book_cover.png in Resources */ = {isa = PBXBuildFile; fileRef = 07EBA1EE1D9E23140012832B /* book_cover.png */; };
/* End PBXBuildFile section */

/* Begin PBXFileReference section */
		070758801D9F717D00E03064 /* NoteViewController.swift */ = {isa = PBXFileReference; fileEncoding = 4; lastKnownFileType = sourcecode.swift; name = NoteViewController.swift; path = Controllers/NoteViewController.swift; sourceTree = "<group>"; };
		070758811D9F717D00E03064 /* NoteViewController.xib */ = {isa = PBXFileReference; fileEncoding = 4; lastKnownFileType = file.xib; name = NoteViewController.xib; path = Controllers/NoteViewController.xib; sourceTree = "<group>"; };
		070758841DA01BBC00E03064 /* CoreDataCollectionViewController.swift */ = {isa = PBXFileReference; fileEncoding = 4; lastKnownFileType = sourcecode.swift; name = CoreDataCollectionViewController.swift; path = Controllers/CoreDataCollectionViewController.swift; sourceTree = "<group>"; };
		070758861DA01C4000E03064 /* NotesViewController.swift */ = {isa = PBXFileReference; fileEncoding = 4; lastKnownFileType = sourcecode.swift; name = NotesViewController.swift; path = Controllers/NotesViewController.swift; sourceTree = "<group>"; };
		070758891DA1737200E03064 /* NoteCell.xib */ = {isa = PBXFileReference; fileEncoding = 4; lastKnownFileType = file.xib; name = NoteCell.xib; path = Views/NoteCell.xib; sourceTree = "<group>"; };
		0707588B1DA17F3200E03064 /* note_icon.png */ = {isa = PBXFileReference; lastKnownFileType = image.png; name = note_icon.png; path = Resources/note_icon.png; sourceTree = SOURCE_ROOT; };
		070758911DA1C81800E03064 /* PhotoViewController.swift */ = {isa = PBXFileReference; fileEncoding = 4; lastKnownFileType = sourcecode.swift; name = PhotoViewController.swift; path = Controllers/PhotoViewController.swift; sourceTree = "<group>"; };
		070758921DA1C81800E03064 /* PhotoViewController.xib */ = {isa = PBXFileReference; fileEncoding = 4; lastKnownFileType = file.xib; name = PhotoViewController.xib; path = Controllers/PhotoViewController.xib; sourceTree = "<group>"; };
		070758951DA1F03500E03064 /* no_image.png */ = {isa = PBXFileReference; lastKnownFileType = image.png; name = no_image.png; path = Resources/no_image.png; sourceTree = SOURCE_ROOT; };
		070758971DA2230700E03064 /* Location+CoreDataClass.swift */ = {isa = PBXFileReference; fileEncoding = 4; lastKnownFileType = sourcecode.swift; name = "Location+CoreDataClass.swift"; path = "Model/Location+CoreDataClass.swift"; sourceTree = "<group>"; };
		070758981DA2230700E03064 /* Location+CoreDataProperties.swift */ = {isa = PBXFileReference; fileEncoding = 4; lastKnownFileType = sourcecode.swift; name = "Location+CoreDataProperties.swift"; path = "Model/Location+CoreDataProperties.swift"; sourceTree = "<group>"; };
		073FBD4F1D9D10AC00193B5A /* BookViewController.swift */ = {isa = PBXFileReference; fileEncoding = 4; lastKnownFileType = sourcecode.swift; name = BookViewController.swift; path = Controllers/BookViewController.swift; sourceTree = "<group>"; };
		073FBD501D9D10AC00193B5A /* BookViewController.xib */ = {isa = PBXFileReference; fileEncoding = 4; lastKnownFileType = file.xib; name = BookViewController.xib; path = Controllers/BookViewController.xib; sourceTree = "<group>"; };
		073FBD531D9D30ED00193B5A /* Utils.swift */ = {isa = PBXFileReference; fileEncoding = 4; lastKnownFileType = sourcecode.swift; path = Utils.swift; sourceTree = "<group>"; };
		077E28B21D8F1B91003CD758 /* HackerBooksPro.app */ = {isa = PBXFileReference; explicitFileType = wrapper.application; includeInIndex = 0; path = HackerBooksPro.app; sourceTree = BUILT_PRODUCTS_DIR; };
		077E28B51D8F1B91003CD758 /* AppDelegate.swift */ = {isa = PBXFileReference; lastKnownFileType = sourcecode.swift; path = AppDelegate.swift; sourceTree = "<group>"; };
		077E28BC1D8F1B91003CD758 /* Assets.xcassets */ = {isa = PBXFileReference; lastKnownFileType = folder.assetcatalog; path = Assets.xcassets; sourceTree = "<group>"; };
		077E28BF1D8F1B91003CD758 /* Base */ = {isa = PBXFileReference; lastKnownFileType = file.storyboard; name = Base; path = Base.lproj/LaunchScreen.storyboard; sourceTree = "<group>"; };
		077E28C11D8F1B91003CD758 /* Info.plist */ = {isa = PBXFileReference; lastKnownFileType = text.plist.xml; path = Info.plist; sourceTree = "<group>"; };
		077E28C81D8F1BB1003CD758 /* Model.xcdatamodel */ = {isa = PBXFileReference; lastKnownFileType = wrapper.xcdatamodel; path = Model.xcdatamodel; sourceTree = "<group>"; };
		07AE21C51D9B63B80080748B /* Author+CoreDataClass.swift */ = {isa = PBXFileReference; fileEncoding = 4; lastKnownFileType = sourcecode.swift; name = "Author+CoreDataClass.swift"; path = "Model/Author+CoreDataClass.swift"; sourceTree = "<group>"; };
		07AE21C61D9B63B80080748B /* Author+CoreDataProperties.swift */ = {isa = PBXFileReference; fileEncoding = 4; lastKnownFileType = sourcecode.swift; name = "Author+CoreDataProperties.swift"; path = "Model/Author+CoreDataProperties.swift"; sourceTree = "<group>"; };
		07AE21C71D9B63B80080748B /* Book+CoreDataClass.swift */ = {isa = PBXFileReference; fileEncoding = 4; lastKnownFileType = sourcecode.swift; name = "Book+CoreDataClass.swift"; path = "Model/Book+CoreDataClass.swift"; sourceTree = "<group>"; };
		07AE21C81D9B63B80080748B /* Book+CoreDataProperties.swift */ = {isa = PBXFileReference; fileEncoding = 4; lastKnownFileType = sourcecode.swift; name = "Book+CoreDataProperties.swift"; path = "Model/Book+CoreDataProperties.swift"; sourceTree = "<group>"; };
		07AE21C91D9B63B80080748B /* BookTag+CoreDataClass.swift */ = {isa = PBXFileReference; fileEncoding = 4; lastKnownFileType = sourcecode.swift; name = "BookTag+CoreDataClass.swift"; path = "Model/BookTag+CoreDataClass.swift"; sourceTree = "<group>"; };
		07AE21CA1D9B63B80080748B /* BookTag+CoreDataProperties.swift */ = {isa = PBXFileReference; fileEncoding = 4; lastKnownFileType = sourcecode.swift; name = "BookTag+CoreDataProperties.swift"; path = "Model/BookTag+CoreDataProperties.swift"; sourceTree = "<group>"; };
		07AE21CB1D9B63B80080748B /* Cover+CoreDataClass.swift */ = {isa = PBXFileReference; fileEncoding = 4; lastKnownFileType = sourcecode.swift; name = "Cover+CoreDataClass.swift"; path = "Model/Cover+CoreDataClass.swift"; sourceTree = "<group>"; };
		07AE21D31D9B63B80080748B /* Photo+CoreDataClass.swift */ = {isa = PBXFileReference; fileEncoding = 4; lastKnownFileType = sourcecode.swift; name = "Photo+CoreDataClass.swift"; path = "Model/Photo+CoreDataClass.swift"; sourceTree = "<group>"; };
		07AE21D51D9B63B80080748B /* Tag+CoreDataClass.swift */ = {isa = PBXFileReference; fileEncoding = 4; lastKnownFileType = sourcecode.swift; name = "Tag+CoreDataClass.swift"; path = "Model/Tag+CoreDataClass.swift"; sourceTree = "<group>"; };
		07AE21D61D9B63B80080748B /* Tag+CoreDataProperties.swift */ = {isa = PBXFileReference; fileEncoding = 4; lastKnownFileType = sourcecode.swift; name = "Tag+CoreDataProperties.swift"; path = "Model/Tag+CoreDataProperties.swift"; sourceTree = "<group>"; };
		07AE21E91D9B64690080748B /* CoreDataStack.swift */ = {isa = PBXFileReference; fileEncoding = 4; lastKnownFileType = sourcecode.swift; path = CoreDataStack.swift; sourceTree = "<group>"; };
		07AE21EB1D9B650A0080748B /* CoreDataTableViewController.swift */ = {isa = PBXFileReference; fileEncoding = 4; lastKnownFileType = sourcecode.swift; name = CoreDataTableViewController.swift; path = Controllers/CoreDataTableViewController.swift; sourceTree = "<group>"; };
		07AE21FF1D9B72060080748B /* Cover+CoreDataProperties.swift */ = {isa = PBXFileReference; fileEncoding = 4; lastKnownFileType = sourcecode.swift; name = "Cover+CoreDataProperties.swift"; path = "Model/Cover+CoreDataProperties.swift"; sourceTree = "<group>"; };
		07AE22011D9B72060080748B /* Photo+CoreDataProperties.swift */ = {isa = PBXFileReference; fileEncoding = 4; lastKnownFileType = sourcecode.swift; name = "Photo+CoreDataProperties.swift"; path = "Model/Photo+CoreDataProperties.swift"; sourceTree = "<group>"; };
		07AE220F1D9B75830080748B /* Pdf+CoreDataClass.swift */ = {isa = PBXFileReference; fileEncoding = 4; lastKnownFileType = sourcecode.swift; name = "Pdf+CoreDataClass.swift"; path = "Model/Pdf+CoreDataClass.swift"; sourceTree = "<group>"; };
		07AE22101D9B75830080748B /* Pdf+CoreDataProperties.swift */ = {isa = PBXFileReference; fileEncoding = 4; lastKnownFileType = sourcecode.swift; name = "Pdf+CoreDataProperties.swift"; path = "Model/Pdf+CoreDataProperties.swift"; sourceTree = "<group>"; };
		07AE22151D9B88620080748B /* Note+CoreDataClass.swift */ = {isa = PBXFileReference; fileEncoding = 4; lastKnownFileType = sourcecode.swift; name = "Note+CoreDataClass.swift"; path = "Model/Note+CoreDataClass.swift"; sourceTree = "<group>"; };
		07AE22161D9B88620080748B /* Note+CoreDataProperties.swift */ = {isa = PBXFileReference; fileEncoding = 4; lastKnownFileType = sourcecode.swift; name = "Note+CoreDataProperties.swift"; path = "Model/Note+CoreDataProperties.swift"; sourceTree = "<group>"; };
		07B8AB301D9C13BA008698F2 /* JsonProcessing.swift */ = {isa = PBXFileReference; fileEncoding = 4; lastKnownFileType = sourcecode.swift; path = JsonProcessing.swift; sourceTree = "<group>"; };
		07B8AB321D9C7990008698F2 /* Errors.swift */ = {isa = PBXFileReference; fileEncoding = 4; lastKnownFileType = sourcecode.swift; path = Errors.swift; sourceTree = "<group>"; };
		07B8AB341D9CACB7008698F2 /* LibraryViewController.swift */ = {isa = PBXFileReference; fileEncoding = 4; lastKnownFileType = sourcecode.swift; name = LibraryViewController.swift; path = Controllers/LibraryViewController.swift; sourceTree = "<group>"; };
		07EBA1EA1D9DF90D0012832B /* PdfViewController.swift */ = {isa = PBXFileReference; fileEncoding = 4; lastKnownFileType = sourcecode.swift; name = PdfViewController.swift; path = Controllers/PdfViewController.swift; sourceTree = "<group>"; };
		07EBA1EB1D9DF90D0012832B /* PdfViewController.xib */ = {isa = PBXFileReference; fileEncoding = 4; lastKnownFileType = file.xib; name = PdfViewController.xib; path = Controllers/PdfViewController.xib; sourceTree = "<group>"; };
		07EBA1EE1D9E23140012832B /* book_cover.png */ = {isa = PBXFileReference; lastKnownFileType = image.png; name = book_cover.png; path = Resources/book_cover.png; sourceTree = SOURCE_ROOT; };
/* End PBXFileReference section */

/* Begin PBXFrameworksBuildPhase section */
		077E28AF1D8F1B91003CD758 /* Frameworks */ = {
			isa = PBXFrameworksBuildPhase;
			buildActionMask = 2147483647;
			files = (
			);
			runOnlyForDeploymentPostprocessing = 0;
		};
/* End PBXFrameworksBuildPhase section */

/* Begin PBXGroup section */
		070758881DA172FD00E03064 /* Views */ = {
			isa = PBXGroup;
			children = (
				070758891DA1737200E03064 /* NoteCell.xib */,
			);
			name = Views;
			sourceTree = "<group>";
		};
		077E28A91D8F1B91003CD758 = {
			isa = PBXGroup;
			children = (
				077E28B31D8F1B91003CD758 /* Products */,
				077E28B41D8F1B91003CD758 /* HackerBooksPro */,
			);
			sourceTree = "<group>";
		};
		077E28B31D8F1B91003CD758 /* Products */ = {
			isa = PBXGroup;
			children = (
				077E28B21D8F1B91003CD758 /* HackerBooksPro.app */,
			);
			name = Products;
			sourceTree = "<group>";
		};
		077E28B41D8F1B91003CD758 /* HackerBooksPro */ = {
			isa = PBXGroup;
			children = (
				077E28B51D8F1B91003CD758 /* AppDelegate.swift */,
				07B8AB321D9C7990008698F2 /* Errors.swift */,
				073FBD531D9D30ED00193B5A /* Utils.swift */,
				077E28BC1D8F1B91003CD758 /* Assets.xcassets */,
				077E28BE1D8F1B91003CD758 /* LaunchScreen.storyboard */,
				077E28C11D8F1B91003CD758 /* Info.plist */,
				07AE219C1D9B54E60080748B /* Resources */,
				07AE219D1D9B55030080748B /* Controllers */,
				07AE219B1D9B54C40080748B /* Model */,
				070758881DA172FD00E03064 /* Views */,
			);
			path = HackerBooksPro;
			sourceTree = "<group>";
		};
		07AE219B1D9B54C40080748B /* Model */ = {
			isa = PBXGroup;
			children = (
				07AE21E91D9B64690080748B /* CoreDataStack.swift */,
				07B8AB301D9C13BA008698F2 /* JsonProcessing.swift */,
				077E28C71D8F1BB1003CD758 /* Model.xcdatamodeld */,
				07AE21A01D9B5E900080748B /* Managed Objects */,
			);
			name = Model;
			sourceTree = "<group>";
		};
		07AE219C1D9B54E60080748B /* Resources */ = {
			isa = PBXGroup;
			children = (
				070758951DA1F03500E03064 /* no_image.png */,
				0707588B1DA17F3200E03064 /* note_icon.png */,
				07EBA1EE1D9E23140012832B /* book_cover.png */,
			);
			name = Resources;
			sourceTree = "<group>";
		};
		07AE219D1D9B55030080748B /* Controllers */ = {
			isa = PBXGroup;
			children = (
				070758841DA01BBC00E03064 /* CoreDataCollectionViewController.swift */,
				07AE21EB1D9B650A0080748B /* CoreDataTableViewController.swift */,
				07B8AB341D9CACB7008698F2 /* LibraryViewController.swift */,
				073FBD4F1D9D10AC00193B5A /* BookViewController.swift */,
				073FBD501D9D10AC00193B5A /* BookViewController.xib */,
				07EBA1EA1D9DF90D0012832B /* PdfViewController.swift */,
				07EBA1EB1D9DF90D0012832B /* PdfViewController.xib */,
				070758801D9F717D00E03064 /* NoteViewController.swift */,
				070758811D9F717D00E03064 /* NoteViewController.xib */,
				070758861DA01C4000E03064 /* NotesViewController.swift */,
				070758911DA1C81800E03064 /* PhotoViewController.swift */,
				070758921DA1C81800E03064 /* PhotoViewController.xib */,
			);
			name = Controllers;
			sourceTree = "<group>";
		};
		07AE21A01D9B5E900080748B /* Managed Objects */ = {
			isa = PBXGroup;
			children = (
				07AE21C51D9B63B80080748B /* Author+CoreDataClass.swift */,
				07AE21C71D9B63B80080748B /* Book+CoreDataClass.swift */,
				07AE21C91D9B63B80080748B /* BookTag+CoreDataClass.swift */,
				07AE21CB1D9B63B80080748B /* Cover+CoreDataClass.swift */,
				070758971DA2230700E03064 /* Location+CoreDataClass.swift */,
				07AE22151D9B88620080748B /* Note+CoreDataClass.swift */,
				07AE220F1D9B75830080748B /* Pdf+CoreDataClass.swift */,
				07AE21D31D9B63B80080748B /* Photo+CoreDataClass.swift */,
				07AE21D51D9B63B80080748B /* Tag+CoreDataClass.swift */,
				07AE21C61D9B63B80080748B /* Author+CoreDataProperties.swift */,
				07AE21C81D9B63B80080748B /* Book+CoreDataProperties.swift */,
				07AE21CA1D9B63B80080748B /* BookTag+CoreDataProperties.swift */,
				07AE21FF1D9B72060080748B /* Cover+CoreDataProperties.swift */,
				070758981DA2230700E03064 /* Location+CoreDataProperties.swift */,
				07AE22161D9B88620080748B /* Note+CoreDataProperties.swift */,
				07AE22101D9B75830080748B /* Pdf+CoreDataProperties.swift */,
				07AE22011D9B72060080748B /* Photo+CoreDataProperties.swift */,
				07AE21D61D9B63B80080748B /* Tag+CoreDataProperties.swift */,
			);
			name = "Managed Objects";
			sourceTree = "<group>";
		};
/* End PBXGroup section */

/* Begin PBXNativeTarget section */
		077E28B11D8F1B91003CD758 /* HackerBooksPro */ = {
			isa = PBXNativeTarget;
			buildConfigurationList = 077E28C41D8F1B91003CD758 /* Build configuration list for PBXNativeTarget "HackerBooksPro" */;
			buildPhases = (
				077E28AE1D8F1B91003CD758 /* Sources */,
				077E28AF1D8F1B91003CD758 /* Frameworks */,
				077E28B01D8F1B91003CD758 /* Resources */,
			);
			buildRules = (
			);
			dependencies = (
			);
			name = HackerBooksPro;
			productName = HackerBooksPro;
			productReference = 077E28B21D8F1B91003CD758 /* HackerBooksPro.app */;
			productType = "com.apple.product-type.application";
		};
/* End PBXNativeTarget section */

/* Begin PBXProject section */
		077E28AA1D8F1B91003CD758 /* Project object */ = {
			isa = PBXProject;
			attributes = {
				LastSwiftUpdateCheck = 0800;
				LastUpgradeCheck = 0800;
				ORGANIZATIONNAME = KeepCoding;
				TargetAttributes = {
					077E28B11D8F1B91003CD758 = {
						CreatedOnToolsVersion = 8.0;
						DevelopmentTeam = G28A65M86E;
						ProvisioningStyle = Automatic;
					};
				};
			};
			buildConfigurationList = 077E28AD1D8F1B91003CD758 /* Build configuration list for PBXProject "HackerBooksPro" */;
			compatibilityVersion = "Xcode 3.2";
			developmentRegion = English;
			hasScannedForEncodings = 0;
			knownRegions = (
				en,
				Base,
			);
			mainGroup = 077E28A91D8F1B91003CD758;
			productRefGroup = 077E28B31D8F1B91003CD758 /* Products */;
			projectDirPath = "";
			projectRoot = "";
			targets = (
				077E28B11D8F1B91003CD758 /* HackerBooksPro */,
			);
		};
/* End PBXProject section */

/* Begin PBXResourcesBuildPhase section */
		077E28B01D8F1B91003CD758 /* Resources */ = {
			isa = PBXResourcesBuildPhase;
			buildActionMask = 2147483647;
			files = (
				070758941DA1C81800E03064 /* PhotoViewController.xib in Resources */,
				0707588A1DA1737200E03064 /* NoteCell.xib in Resources */,
				07EBA1ED1D9DF90D0012832B /* PdfViewController.xib in Resources */,
				073FBD521D9D10AC00193B5A /* BookViewController.xib in Resources */,
				070758961DA1F03500E03064 /* no_image.png in Resources */,
				077E28C01D8F1B91003CD758 /* LaunchScreen.storyboard in Resources */,
				07EBA1EF1D9E23140012832B /* book_cover.png in Resources */,
				070758831D9F717D00E03064 /* NoteViewController.xib in Resources */,
				0707588C1DA17F3200E03064 /* note_icon.png in Resources */,
				077E28BD1D8F1B91003CD758 /* Assets.xcassets in Resources */,
			);
			runOnlyForDeploymentPostprocessing = 0;
		};
/* End PBXResourcesBuildPhase section */

/* Begin PBXSourcesBuildPhase section */
		077E28AE1D8F1B91003CD758 /* Sources */ = {
			isa = PBXSourcesBuildPhase;
			buildActionMask = 2147483647;
			files = (
				07AE22141D9B75830080748B /* Pdf+CoreDataProperties.swift in Sources */,
				07AE22131D9B75830080748B /* Pdf+CoreDataClass.swift in Sources */,
				073FBD541D9D30ED00193B5A /* Utils.swift in Sources */,
				07B8AB311D9C13BA008698F2 /* JsonProcessing.swift in Sources */,
				070758871DA01C4000E03064 /* NotesViewController.swift in Sources */,
				07AE21EA1D9B64690080748B /* CoreDataStack.swift in Sources */,
				07B8AB331D9C7990008698F2 /* Errors.swift in Sources */,
				07AE21D91D9B63B80080748B /* Book+CoreDataClass.swift in Sources */,
				07EBA1EC1D9DF90D0012832B /* PdfViewController.swift in Sources */,
				070758821D9F717D00E03064 /* NoteViewController.swift in Sources */,
				07B8AB351D9CACB7008698F2 /* LibraryViewController.swift in Sources */,
				07AE21D81D9B63B80080748B /* Author+CoreDataProperties.swift in Sources */,
				073FBD511D9D10AC00193B5A /* BookViewController.swift in Sources */,
				07AE21DD1D9B63B80080748B /* Cover+CoreDataClass.swift in Sources */,
				07AE21E81D9B63B80080748B /* Tag+CoreDataProperties.swift in Sources */,
				07AE21DC1D9B63B80080748B /* BookTag+CoreDataProperties.swift in Sources */,
				0707589A1DA2230700E03064 /* Location+CoreDataProperties.swift in Sources */,
				07AE22041D9B72060080748B /* Photo+CoreDataProperties.swift in Sources */,
				07AE21EC1D9B650A0080748B /* CoreDataTableViewController.swift in Sources */,
				07AE22181D9B88620080748B /* Note+CoreDataProperties.swift in Sources */,
				07AE21DA1D9B63B80080748B /* Book+CoreDataProperties.swift in Sources */,
				07AE21D71D9B63B80080748B /* Author+CoreDataClass.swift in Sources */,
				07AE22021D9B72060080748B /* Cover+CoreDataProperties.swift in Sources */,
				07AE22171D9B88620080748B /* Note+CoreDataClass.swift in Sources */,
				07AE21DB1D9B63B80080748B /* BookTag+CoreDataClass.swift in Sources */,
				070758851DA01BBC00E03064 /* CoreDataCollectionViewController.swift in Sources */,
				07AE21E71D9B63B80080748B /* Tag+CoreDataClass.swift in Sources */,
				070758991DA2230700E03064 /* Location+CoreDataClass.swift in Sources */,
				07AE21E51D9B63B80080748B /* Photo+CoreDataClass.swift in Sources */,
				070758931DA1C81800E03064 /* PhotoViewController.swift in Sources */,
				077E28B61D8F1B91003CD758 /* AppDelegate.swift in Sources */,
				077E28C91D8F1BB1003CD758 /* Model.xcdatamodeld in Sources */,
			);
			runOnlyForDeploymentPostprocessing = 0;
		};
/* End PBXSourcesBuildPhase section */

/* Begin PBXVariantGroup section */
		077E28BE1D8F1B91003CD758 /* LaunchScreen.storyboard */ = {
			isa = PBXVariantGroup;
			children = (
				077E28BF1D8F1B91003CD758 /* Base */,
			);
			name = LaunchScreen.storyboard;
			sourceTree = "<group>";
		};
/* End PBXVariantGroup section */

/* Begin XCBuildConfiguration section */
		077E28C21D8F1B91003CD758 /* Debug */ = {
			isa = XCBuildConfiguration;
			buildSettings = {
				ALWAYS_SEARCH_USER_PATHS = NO;
				CLANG_ANALYZER_NONNULL = YES;
				CLANG_CXX_LANGUAGE_STANDARD = "gnu++0x";
				CLANG_CXX_LIBRARY = "libc++";
				CLANG_ENABLE_MODULES = YES;
				CLANG_ENABLE_OBJC_ARC = YES;
				CLANG_WARN_BOOL_CONVERSION = YES;
				CLANG_WARN_CONSTANT_CONVERSION = YES;
				CLANG_WARN_DIRECT_OBJC_ISA_USAGE = YES_ERROR;
				CLANG_WARN_DOCUMENTATION_COMMENTS = YES;
				CLANG_WARN_EMPTY_BODY = YES;
				CLANG_WARN_ENUM_CONVERSION = YES;
				CLANG_WARN_INFINITE_RECURSION = YES;
				CLANG_WARN_INT_CONVERSION = YES;
				CLANG_WARN_OBJC_ROOT_CLASS = YES_ERROR;
				CLANG_WARN_SUSPICIOUS_MOVES = YES;
				CLANG_WARN_UNREACHABLE_CODE = YES;
				CLANG_WARN__DUPLICATE_METHOD_MATCH = YES;
				"CODE_SIGN_IDENTITY[sdk=iphoneos*]" = "iPhone Developer";
				COPY_PHASE_STRIP = NO;
				DEBUG_INFORMATION_FORMAT = dwarf;
				ENABLE_STRICT_OBJC_MSGSEND = YES;
				ENABLE_TESTABILITY = YES;
				GCC_C_LANGUAGE_STANDARD = gnu99;
				GCC_DYNAMIC_NO_PIC = NO;
				GCC_NO_COMMON_BLOCKS = YES;
				GCC_OPTIMIZATION_LEVEL = 0;
				GCC_PREPROCESSOR_DEFINITIONS = (
					"DEBUG=1",
					"$(inherited)",
				);
				GCC_WARN_64_TO_32_BIT_CONVERSION = YES;
				GCC_WARN_ABOUT_RETURN_TYPE = YES_ERROR;
				GCC_WARN_UNDECLARED_SELECTOR = YES;
				GCC_WARN_UNINITIALIZED_AUTOS = YES_AGGRESSIVE;
				GCC_WARN_UNUSED_FUNCTION = YES;
				GCC_WARN_UNUSED_VARIABLE = YES;
				IPHONEOS_DEPLOYMENT_TARGET = 9.3;
				MTL_ENABLE_DEBUG_INFO = YES;
				ONLY_ACTIVE_ARCH = YES;
				SDKROOT = iphoneos;
				SWIFT_ACTIVE_COMPILATION_CONDITIONS = DEBUG;
				SWIFT_OPTIMIZATION_LEVEL = "-Onone";
			};
			name = Debug;
		};
		077E28C31D8F1B91003CD758 /* Release */ = {
			isa = XCBuildConfiguration;
			buildSettings = {
				ALWAYS_SEARCH_USER_PATHS = NO;
				CLANG_ANALYZER_NONNULL = YES;
				CLANG_CXX_LANGUAGE_STANDARD = "gnu++0x";
				CLANG_CXX_LIBRARY = "libc++";
				CLANG_ENABLE_MODULES = YES;
				CLANG_ENABLE_OBJC_ARC = YES;
				CLANG_WARN_BOOL_CONVERSION = YES;
				CLANG_WARN_CONSTANT_CONVERSION = YES;
				CLANG_WARN_DIRECT_OBJC_ISA_USAGE = YES_ERROR;
				CLANG_WARN_DOCUMENTATION_COMMENTS = YES;
				CLANG_WARN_EMPTY_BODY = YES;
				CLANG_WARN_ENUM_CONVERSION = YES;
				CLANG_WARN_INFINITE_RECURSION = YES;
				CLANG_WARN_INT_CONVERSION = YES;
				CLANG_WARN_OBJC_ROOT_CLASS = YES_ERROR;
				CLANG_WARN_SUSPICIOUS_MOVES = YES;
				CLANG_WARN_UNREACHABLE_CODE = YES;
				CLANG_WARN__DUPLICATE_METHOD_MATCH = YES;
				"CODE_SIGN_IDENTITY[sdk=iphoneos*]" = "iPhone Developer";
				COPY_PHASE_STRIP = NO;
				DEBUG_INFORMATION_FORMAT = "dwarf-with-dsym";
				ENABLE_NS_ASSERTIONS = NO;
				ENABLE_STRICT_OBJC_MSGSEND = YES;
				GCC_C_LANGUAGE_STANDARD = gnu99;
				GCC_NO_COMMON_BLOCKS = YES;
				GCC_WARN_64_TO_32_BIT_CONVERSION = YES;
				GCC_WARN_ABOUT_RETURN_TYPE = YES_ERROR;
				GCC_WARN_UNDECLARED_SELECTOR = YES;
				GCC_WARN_UNINITIALIZED_AUTOS = YES_AGGRESSIVE;
				GCC_WARN_UNUSED_FUNCTION = YES;
				GCC_WARN_UNUSED_VARIABLE = YES;
				IPHONEOS_DEPLOYMENT_TARGET = 9.3;
				MTL_ENABLE_DEBUG_INFO = NO;
				SDKROOT = iphoneos;
				SWIFT_OPTIMIZATION_LEVEL = "-Owholemodule";
				VALIDATE_PRODUCT = YES;
			};
			name = Release;
		};
		077E28C51D8F1B91003CD758 /* Debug */ = {
			isa = XCBuildConfiguration;
			buildSettings = {
				ASSETCATALOG_COMPILER_APPICON_NAME = AppIcon;
				DEVELOPMENT_TEAM = G28A65M86E;
				INFOPLIST_FILE = HackerBooksPro/Info.plist;
				IPHONEOS_DEPLOYMENT_TARGET = 9.3;
				LD_RUNPATH_SEARCH_PATHS = "$(inherited) @executable_path/Frameworks";
				PRODUCT_BUNDLE_IDENTIFIER = io.Keepcoding.HackerBooksPro;
				PRODUCT_NAME = "$(TARGET_NAME)";
				SWIFT_VERSION = 3.0;
			};
			name = Debug;
		};
		077E28C61D8F1B91003CD758 /* Release */ = {
			isa = XCBuildConfiguration;
			buildSettings = {
				ASSETCATALOG_COMPILER_APPICON_NAME = AppIcon;
				DEVELOPMENT_TEAM = G28A65M86E;
				INFOPLIST_FILE = HackerBooksPro/Info.plist;
				IPHONEOS_DEPLOYMENT_TARGET = 9.3;
				LD_RUNPATH_SEARCH_PATHS = "$(inherited) @executable_path/Frameworks";
				PRODUCT_BUNDLE_IDENTIFIER = io.Keepcoding.HackerBooksPro;
				PRODUCT_NAME = "$(TARGET_NAME)";
				SWIFT_VERSION = 3.0;
			};
			name = Release;
		};
/* End XCBuildConfiguration section */

/* Begin XCConfigurationList section */
		077E28AD1D8F1B91003CD758 /* Build configuration list for PBXProject "HackerBooksPro" */ = {
			isa = XCConfigurationList;
			buildConfigurations = (
				077E28C21D8F1B91003CD758 /* Debug */,
				077E28C31D8F1B91003CD758 /* Release */,
			);
			defaultConfigurationIsVisible = 0;
			defaultConfigurationName = Release;
		};
		077E28C41D8F1B91003CD758 /* Build configuration list for PBXNativeTarget "HackerBooksPro" */ = {
			isa = XCConfigurationList;
			buildConfigurations = (
				077E28C51D8F1B91003CD758 /* Debug */,
				077E28C61D8F1B91003CD758 /* Release */,
			);
			defaultConfigurationIsVisible = 0;
			defaultConfigurationName = Release;
		};
/* End XCConfigurationList section */

/* Begin XCVersionGroup section */
		077E28C71D8F1BB1003CD758 /* Model.xcdatamodeld */ = {
			isa = XCVersionGroup;
			children = (
				077E28C81D8F1BB1003CD758 /* Model.xcdatamodel */,
			);
			currentVersion = 077E28C81D8F1BB1003CD758 /* Model.xcdatamodel */;
			path = Model.xcdatamodeld;
			sourceTree = "<group>";
			versionGroupType = wrapper.xcdatamodel;
		};
/* End XCVersionGroup section */
	};
	rootObject = 077E28AA1D8F1B91003CD758 /* Project object */;
}
